
Microsoft Visual Studio Solution File, Format Version 12.00
# Visual Studio Version 17
VisualStudioVersion = 17.5.33502.453
MinimumVisualStudioVersion = 10.0.40219.1
Project("{9A19103F-16F7-4668-BE54-9A1E7A4F7556}") = "CarSharingApp.Identity.BusinessLogic", "CarSharingApp.Identity.BusinessLogic\CarSharingApp.Identity.BusinessLogic.csproj", "{08286203-E244-4994-82D9-2ECE592DC7E7}"
EndProject
Project("{9A19103F-16F7-4668-BE54-9A1E7A4F7556}") = "CarSharingApp.Identity.API", "CarSharingApp.Identity.API\CarSharingApp.Identity.API.csproj", "{110C32C8-B1DE-42E1-BFD2-AC6C483E5862}"
EndProject
Project("{9A19103F-16F7-4668-BE54-9A1E7A4F7556}") = "CarSharingApp.Identity.Shared", "CarSharingApp.Identity.Shared\CarSharingApp.Identity.Shared.csproj", "{2CE96456-F395-4AE1-8A26-27073C4BBFA1}"
EndProject
Project("{9A19103F-16F7-4668-BE54-9A1E7A4F7556}") = "CarSharingApp.Identity.DataAccess", "CarSharingApp.Identity.DataAccess\CarSharingApp.Identity.DataAccess.csproj", "{468AC3D8-A1E4-4978-B139-DE4C52C9AF1B}"
EndProject
Global
	GlobalSection(SolutionConfigurationPlatforms) = preSolution
		Debug|Any CPU = Debug|Any CPU
		Release|Any CPU = Release|Any CPU
	EndGlobalSection
	GlobalSection(ProjectConfigurationPlatforms) = postSolution
		{08286203-E244-4994-82D9-2ECE592DC7E7}.Debug|Any CPU.ActiveCfg = Debug|Any CPU
		{08286203-E244-4994-82D9-2ECE592DC7E7}.Debug|Any CPU.Build.0 = Debug|Any CPU
		{08286203-E244-4994-82D9-2ECE592DC7E7}.Release|Any CPU.ActiveCfg = Release|Any CPU
		{08286203-E244-4994-82D9-2ECE592DC7E7}.Release|Any CPU.Build.0 = Release|Any CPU
		{110C32C8-B1DE-42E1-BFD2-AC6C483E5862}.Debug|Any CPU.ActiveCfg = Debug|Any CPU
		{110C32C8-B1DE-42E1-BFD2-AC6C483E5862}.Debug|Any CPU.Build.0 = Debug|Any CPU
		{110C32C8-B1DE-42E1-BFD2-AC6C483E5862}.Release|Any CPU.ActiveCfg = Release|Any CPU
		{110C32C8-B1DE-42E1-BFD2-AC6C483E5862}.Release|Any CPU.Build.0 = Release|Any CPU
		{2CE96456-F395-4AE1-8A26-27073C4BBFA1}.Debug|Any CPU.ActiveCfg = Debug|Any CPU
		{2CE96456-F395-4AE1-8A26-27073C4BBFA1}.Debug|Any CPU.Build.0 = Debug|Any CPU
		{2CE96456-F395-4AE1-8A26-27073C4BBFA1}.Release|Any CPU.ActiveCfg = Release|Any CPU
		{2CE96456-F395-4AE1-8A26-27073C4BBFA1}.Release|Any CPU.Build.0 = Release|Any CPU
		{468AC3D8-A1E4-4978-B139-DE4C52C9AF1B}.Debug|Any CPU.ActiveCfg = Debug|Any CPU
		{468AC3D8-A1E4-4978-B139-DE4C52C9AF1B}.Debug|Any CPU.Build.0 = Debug|Any CPU
		{468AC3D8-A1E4-4978-B139-DE4C52C9AF1B}.Release|Any CPU.ActiveCfg = Release|Any CPU
		{468AC3D8-A1E4-4978-B139-DE4C52C9AF1B}.Release|Any CPU.Build.0 = Release|Any CPU
	EndGlobalSection
	GlobalSection(SolutionProperties) = preSolution
		HideSolutionNode = FALSE
	EndGlobalSection
EndGlobal
